# This file is autogenerated, do not edit; changes may be undone by the next 'dep ensure'.


[[projects]]
  branch = "master"
  name = "github.com/cznic/mathutil"
  packages = ["."]
  revision = "7764e6a2216aaa02c36f75aad62538d39c2962c2"

[solve-meta]
  analyzer-name = "dep"
  analyzer-version = 1
  inputs-digest = "41a233d342d3ed17be110d0908629371ea5bb8c68869e1a523b8376aa7642417"
  solver-name = "gps-cdcl"
  solver-version = 1
